
Microsoft Visual Studio Solution File, Format Version 12.00
# Visual Studio Version 16
VisualStudioVersion = 16.0.30011.22
MinimumVisualStudioVersion = 10.0.40219.1
Project("{FAE04EC0-301F-11D3-BF4B-00C04F79EFBC}") = "GymHector", "GymHector\GymHector.csproj", "{AA4A1A9F-BF65-48A5-B6E4-D54A7543DE3D}"
EndProject
Global
	GlobalSection(SolutionConfigurationPlatforms) = preSolution
		Debug|Any CPU = Debug|Any CPU
		Release|Any CPU = Release|Any CPU
	EndGlobalSection
	GlobalSection(ProjectConfigurationPlatforms) = postSolution
		{AA4A1A9F-BF65-48A5-B6E4-D54A7543DE3D}.Debug|Any CPU.ActiveCfg = Debug|Any CPU
		{AA4A1A9F-BF65-48A5-B6E4-D54A7543DE3D}.Debug|Any CPU.Build.0 = Debug|Any CPU
		{AA4A1A9F-BF65-48A5-B6E4-D54A7543DE3D}.Release|Any CPU.ActiveCfg = Release|Any CPU
		{AA4A1A9F-BF65-48A5-B6E4-D54A7543DE3D}.Release|Any CPU.Build.0 = Release|Any CPU
	EndGlobalSection
	GlobalSection(SolutionProperties) = preSolution
		HideSolutionNode = FALSE
	EndGlobalSection
	GlobalSection(ExtensibilityGlobals) = postSolution
		SolutionGuid = {422B65AE-5D57-4516-A72F-0A9F69111331}
	EndGlobalSection
EndGlobal
